
Microsoft Visual Studio Solution File, Format Version 12.00
# Visual Studio 15
VisualStudioVersion = 15.0.27130.2010
MinimumVisualStudioVersion = 10.0.40219.1
Project("{FAE04EC0-301F-11D3-BF4B-00C04F79EFBC}") = "BedsTask", "BedsTask\BedsTask.csproj", "{A275D37B-7DAB-422C-B2ED-24B4C631D7CA}"
EndProject
Global
	GlobalSection(SolutionConfigurationPlatforms) = preSolution
		Debug|Any CPU = Debug|Any CPU
		Release|Any CPU = Release|Any CPU
	EndGlobalSection
	GlobalSection(ProjectConfigurationPlatforms) = postSolution
		{A275D37B-7DAB-422C-B2ED-24B4C631D7CA}.Debug|Any CPU.ActiveCfg = Debug|Any CPU
		{A275D37B-7DAB-422C-B2ED-24B4C631D7CA}.Debug|Any CPU.Build.0 = Debug|Any CPU
		{A275D37B-7DAB-422C-B2ED-24B4C631D7CA}.Release|Any CPU.ActiveCfg = Release|Any CPU
		{A275D37B-7DAB-422C-B2ED-24B4C631D7CA}.Release|Any CPU.Build.0 = Release|Any CPU
	EndGlobalSection
	GlobalSection(SolutionProperties) = preSolution
		HideSolutionNode = FALSE
	EndGlobalSection
	GlobalSection(ExtensibilityGlobals) = postSolution
		SolutionGuid = {3FA09FC1-5CEE-4276-853A-2EF25237093B}
	EndGlobalSection
EndGlobal
